// !$*UTF8*$!
{
	archiveVersion = 1;
	classes = {
	};
	objectVersion = 48;
	objects = {

/* Begin PBXBuildFile section */
		4CF2B09620AC4C160063EDA1 /* aesEncrypt.c in Sources */ = {isa = PBXBuildFile; fileRef = 4CF2B08920AC4C140063EDA1 /* aesEncrypt.c */; };
		4CF2B09720AC4C160063EDA1 /* byteSub.c in Sources */ = {isa = PBXBuildFile; fileRef = 4CF2B08A20AC4C140063EDA1 /* byteSub.c */; };
		4CF2B09820AC4C160063EDA1 /* mixColumn.c in Sources */ = {isa = PBXBuildFile; fileRef = 4CF2B08B20AC4C140063EDA1 /* mixColumn.c */; };
		4CF2B09920AC4C160063EDA1 /* rowShift.c in Sources */ = {isa = PBXBuildFile; fileRef = 4CF2B08E20AC4C150063EDA1 /* rowShift.c */; };
		4CF2B09A20AC4C160063EDA1 /* roundKey.c in Sources */ = {isa = PBXBuildFile; fileRef = 4CF2B09020AC4C150063EDA1 /* roundKey.c */; };
		4CF2B09B20AC4C160063EDA1 /* keyExpansion.c in Sources */ = {isa = PBXBuildFile; fileRef = 4CF2B09220AC4C150063EDA1 /* keyExpansion.c */; };
		4CF2B09E20AC4C570063EDA1 /* main.c in Sources */ = {isa = PBXBuildFile; fileRef = 4CF2B09D20AC4C570063EDA1 /* main.c */; };
		4CF2B0A120AC5CEA0063EDA1 /* constants.c in Sources */ = {isa = PBXBuildFile; fileRef = 4CF2B0A020AC5CEA0063EDA1 /* constants.c */; };
/* End PBXBuildFile section */

/* Begin PBXCopyFilesBuildPhase section */
		003E663E20AC377E00C83A5C /* CopyFiles */ = {
			isa = PBXCopyFilesBuildPhase;
			buildActionMask = 2147483647;
			dstPath = /usr/share/man/man1/;
			dstSubfolderSpec = 0;
			files = (
			);
			runOnlyForDeploymentPostprocessing = 1;
		};
/* End PBXCopyFilesBuildPhase section */

/* Begin PBXFileReference section */
		003E664020AC377E00C83A5C /* AESC */ = {isa = PBXFileReference; explicitFileType = "compiled.mach-o.executable"; includeInIndex = 0; path = AESC; sourceTree = BUILT_PRODUCTS_DIR; };
		4CF2B08920AC4C140063EDA1 /* aesEncrypt.c */ = {isa = PBXFileReference; fileEncoding = 4; lastKnownFileType = sourcecode.c.c; path = aesEncrypt.c; sourceTree = "<group>"; };
		4CF2B08A20AC4C140063EDA1 /* byteSub.c */ = {isa = PBXFileReference; fileEncoding = 4; lastKnownFileType = sourcecode.c.c; path = byteSub.c; sourceTree = "<group>"; };
		4CF2B08B20AC4C140063EDA1 /* mixColumn.c */ = {isa = PBXFileReference; fileEncoding = 4; lastKnownFileType = sourcecode.c.c; path = mixColumn.c; sourceTree = "<group>"; };
		4CF2B08C20AC4C150063EDA1 /* roundKey.h */ = {isa = PBXFileReference; fileEncoding = 4; lastKnownFileType = sourcecode.c.h; path = roundKey.h; sourceTree = "<group>"; };
		4CF2B08D20AC4C150063EDA1 /* aesEncrypt.h */ = {isa = PBXFileReference; fileEncoding = 4; lastKnownFileType = sourcecode.c.h; path = aesEncrypt.h; sourceTree = "<group>"; };
		4CF2B08E20AC4C150063EDA1 /* rowShift.c */ = {isa = PBXFileReference; fileEncoding = 4; lastKnownFileType = sourcecode.c.c; path = rowShift.c; sourceTree = "<group>"; };
		4CF2B08F20AC4C150063EDA1 /* keyExpansion.h */ = {isa = PBXFileReference; fileEncoding = 4; lastKnownFileType = sourcecode.c.h; path = keyExpansion.h; sourceTree = "<group>"; };
		4CF2B09020AC4C150063EDA1 /* roundKey.c */ = {isa = PBXFileReference; fileEncoding = 4; lastKnownFileType = sourcecode.c.c; path = roundKey.c; sourceTree = "<group>"; };
		4CF2B09120AC4C150063EDA1 /* rowShift.h */ = {isa = PBXFileReference; fileEncoding = 4; lastKnownFileType = sourcecode.c.h; path = rowShift.h; sourceTree = "<group>"; };
		4CF2B09220AC4C150063EDA1 /* keyExpansion.c */ = {isa = PBXFileReference; fileEncoding = 4; lastKnownFileType = sourcecode.c.c; path = keyExpansion.c; sourceTree = "<group>"; };
		4CF2B09320AC4C160063EDA1 /* mixColumn.h */ = {isa = PBXFileReference; fileEncoding = 4; lastKnownFileType = sourcecode.c.h; path = mixColumn.h; sourceTree = "<group>"; };
		4CF2B09520AC4C160063EDA1 /* byteSub.h */ = {isa = PBXFileReference; fileEncoding = 4; lastKnownFileType = sourcecode.c.h; path = byteSub.h; sourceTree = "<group>"; };
		4CF2B09D20AC4C570063EDA1 /* main.c */ = {isa = PBXFileReference; fileEncoding = 4; lastKnownFileType = sourcecode.c.c; path = main.c; sourceTree = "<group>"; };
		4CF2B09F20AC5CEA0063EDA1 /* constants.h */ = {isa = PBXFileReference; lastKnownFileType = sourcecode.c.h; path = constants.h; sourceTree = "<group>"; };
		4CF2B0A020AC5CEA0063EDA1 /* constants.c */ = {isa = PBXFileReference; lastKnownFileType = sourcecode.c.c; path = constants.c; sourceTree = "<group>"; };
/* End PBXFileReference section */

/* Begin PBXFrameworksBuildPhase section */
		003E663D20AC377E00C83A5C /* Frameworks */ = {
			isa = PBXFrameworksBuildPhase;
			buildActionMask = 2147483647;
			files = (
			);
			runOnlyForDeploymentPostprocessing = 0;
		};
/* End PBXFrameworksBuildPhase section */

/* Begin PBXGroup section */
		003E663720AC377E00C83A5C = {
			isa = PBXGroup;
			children = (
				003E664220AC377E00C83A5C /* AESC */,
				003E664120AC377E00C83A5C /* Products */,
			);
			sourceTree = "<group>";
		};
		003E664120AC377E00C83A5C /* Products */ = {
			isa = PBXGroup;
			children = (
				003E664020AC377E00C83A5C /* AESC */,
			);
			name = Products;
			sourceTree = "<group>";
		};
		003E664220AC377E00C83A5C /* AESC */ = {
			isa = PBXGroup;
			children = (
				4CF2B09D20AC4C570063EDA1 /* main.c */,
				4CF2B08920AC4C140063EDA1 /* aesEncrypt.c */,
				4CF2B08D20AC4C150063EDA1 /* aesEncrypt.h */,
				4CF2B08A20AC4C140063EDA1 /* byteSub.c */,
				4CF2B09520AC4C160063EDA1 /* byteSub.h */,
				4CF2B09220AC4C150063EDA1 /* keyExpansion.c */,
				4CF2B08F20AC4C150063EDA1 /* keyExpansion.h */,
				4CF2B08B20AC4C140063EDA1 /* mixColumn.c */,
				4CF2B09320AC4C160063EDA1 /* mixColumn.h */,
				4CF2B09020AC4C150063EDA1 /* roundKey.c */,
				4CF2B08C20AC4C150063EDA1 /* roundKey.h */,
				4CF2B08E20AC4C150063EDA1 /* rowShift.c */,
				4CF2B09120AC4C150063EDA1 /* rowShift.h */,
				4CF2B09F20AC5CEA0063EDA1 /* constants.h */,
				4CF2B0A020AC5CEA0063EDA1 /* constants.c */,
			);
			path = AESC;
			sourceTree = "<group>";
		};
/* End PBXGroup section */

/* Begin PBXNativeTarget section */
		003E663F20AC377E00C83A5C /* AESC */ = {
			isa = PBXNativeTarget;
			buildConfigurationList = 003E664720AC377E00C83A5C /* Build configuration list for PBXNativeTarget "AESC" */;
			buildPhases = (
				003E663C20AC377E00C83A5C /* Sources */,
				003E663D20AC377E00C83A5C /* Frameworks */,
				003E663E20AC377E00C83A5C /* CopyFiles */,
			);
			buildRules = (
			);
			dependencies = (
			);
			name = AESC;
			productName = AESC;
			productReference = 003E664020AC377E00C83A5C /* AESC */;
			productType = "com.apple.product-type.tool";
		};
/* End PBXNativeTarget section */

/* Begin PBXProject section */
		003E663820AC377E00C83A5C /* Project object */ = {
			isa = PBXProject;
			attributes = {
				LastUpgradeCheck = 0920;
				ORGANIZATIONNAME = "Nahar Alkhodair";
				TargetAttributes = {
					003E663F20AC377E00C83A5C = {
						CreatedOnToolsVersion = 9.2;
						ProvisioningStyle = Automatic;
					};
				};
			};
			buildConfigurationList = 003E663B20AC377E00C83A5C /* Build configuration list for PBXProject "AESC" */;
			compatibilityVersion = "Xcode 8.0";
			developmentRegion = en;
			hasScannedForEncodings = 0;
			knownRegions = (
				en,
			);
			mainGroup = 003E663720AC377E00C83A5C;
			productRefGroup = 003E664120AC377E00C83A5C /* Products */;
			projectDirPath = "";
			projectRoot = "";
			targets = (
				003E663F20AC377E00C83A5C /* AESC */,
			);
		};
/* End PBXProject section */

/* Begin PBXSourcesBuildPhase section */
		003E663C20AC377E00C83A5C /* Sources */ = {
			isa = PBXSourcesBuildPhase;
			buildActionMask = 2147483647;
			files = (
				4CF2B09920AC4C160063EDA1 /* rowShift.c in Sources */,
				4CF2B0A120AC5CEA0063EDA1 /* constants.c in Sources */,
				4CF2B09B20AC4C160063EDA1 /* keyExpansion.c in Sources */,
				4CF2B09820AC4C160063EDA1 /* mixColumn.c in Sources */,
				4CF2B09620AC4C160063EDA1 /* aesEncrypt.c in Sources */,
				4CF2B09A20AC4C160063EDA1 /* roundKey.c in Sources */,
				4CF2B09720AC4C160063EDA1 /* byteSub.c in Sources */,
				4CF2B09E20AC4C570063EDA1 /* main.c in Sources */,
			);
			runOnlyForDeploymentPostprocessing = 0;
		};
/* End PBXSourcesBuildPhase section */

/* Begin XCBuildConfiguration section */
		003E664520AC377E00C83A5C /* Debug */ = {
			isa = XCBuildConfiguration;
			buildSettings = {
				ALWAYS_SEARCH_USER_PATHS = NO;
				CLANG_ANALYZER_NONNULL = YES;
				CLANG_ANALYZER_NUMBER_OBJECT_CONVERSION = YES_AGGRESSIVE;
				CLANG_CXX_LANGUAGE_STANDARD = "gnu++14";
				CLANG_CXX_LIBRARY = "libc++";
				CLANG_ENABLE_MODULES = YES;
				CLANG_ENABLE_OBJC_ARC = YES;
				CLANG_WARN_BLOCK_CAPTURE_AUTORELEASING = YES;
				CLANG_WARN_BOOL_CONVERSION = YES;
				CLANG_WARN_COMMA = YES;
				CLANG_WARN_CONSTANT_CONVERSION = YES;
				CLANG_WARN_DIRECT_OBJC_ISA_USAGE = YES_ERROR;
				CLANG_WARN_DOCUMENTATION_COMMENTS = YES;
				CLANG_WARN_EMPTY_BODY = YES;
				CLANG_WARN_ENUM_CONVERSION = YES;
				CLANG_WARN_INFINITE_RECURSION = YES;
				CLANG_WARN_INT_CONVERSION = YES;
				CLANG_WARN_NON_LITERAL_NULL_CONVERSION = YES;
				CLANG_WARN_OBJC_LITERAL_CONVERSION = YES;
				CLANG_WARN_OBJC_ROOT_CLASS = YES_ERROR;
				CLANG_WARN_RANGE_LOOP_ANALYSIS = YES;
				CLANG_WARN_STRICT_PROTOTYPES = YES;
				CLANG_WARN_SUSPICIOUS_MOVE = YES;
				CLANG_WARN_UNGUARDED_AVAILABILITY = YES_AGGRESSIVE;
				CLANG_WARN_UNREACHABLE_CODE = YES;
				CLANG_WARN__DUPLICATE_METHOD_MATCH = YES;
				CODE_SIGN_IDENTITY = "-";
				COPY_PHASE_STRIP = NO;
				DEBUG_INFORMATION_FORMAT = dwarf;
				ENABLE_STRICT_OBJC_MSGSEND = YES;
				ENABLE_TESTABILITY = YES;
				GCC_C_LANGUAGE_STANDARD = gnu11;
				GCC_DYNAMIC_NO_PIC = NO;
				GCC_NO_COMMON_BLOCKS = YES;
				GCC_OPTIMIZATION_LEVEL = 0;
				GCC_PREPROCESSOR_DEFINITIONS = (
					"DEBUG=1",
					"$(inherited)",
				);
				GCC_WARN_64_TO_32_BIT_CONVERSION = YES;
				GCC_WARN_ABOUT_RETURN_TYPE = YES_ERROR;
				GCC_WARN_UNDECLARED_SELECTOR = YES;
				GCC_WARN_UNINITIALIZED_AUTOS = YES_AGGRESSIVE;
				GCC_WARN_UNUSED_FUNCTION = YES;
				GCC_WARN_UNUSED_VARIABLE = YES;
				MACOSX_DEPLOYMENT_TARGET = 10.13;
				MTL_ENABLE_DEBUG_INFO = YES;
				ONLY_ACTIVE_ARCH = YES;
				SDKROOT = macosx;
			};
			name = Debug;
		};
		003E664620AC377E00C83A5C /* Release */ = {
			isa = XCBuildConfiguration;
			buildSettings = {
				ALWAYS_SEARCH_USER_PATHS = NO;
				CLANG_ANALYZER_NONNULL = YES;
				CLANG_ANALYZER_NUMBER_OBJECT_CONVERSION = YES_AGGRESSIVE;
				CLANG_CXX_LANGUAGE_STANDARD = "gnu++14";
				CLANG_CXX_LIBRARY = "libc++";
				CLANG_ENABLE_MODULES = YES;
				CLANG_ENABLE_OBJC_ARC = YES;
				CLANG_WARN_BLOCK_CAPTURE_AUTORELEASING = YES;
				CLANG_WARN_BOOL_CONVERSION = YES;
				CLANG_WARN_COMMA = YES;
				CLANG_WARN_CONSTANT_CONVERSION = YES;
				CLANG_WARN_DIRECT_OBJC_ISA_USAGE = YES_ERROR;
				CLANG_WARN_DOCUMENTATION_COMMENTS = YES;
				CLANG_WARN_EMPTY_BODY = YES;
				CLANG_WARN_ENUM_CONVERSION = YES;
				CLANG_WARN_INFINITE_RECURSION = YES;
				CLANG_WARN_INT_CONVERSION = YES;
				CLANG_WARN_NON_LITERAL_NULL_CONVERSION = YES;
				CLANG_WARN_OBJC_LITERAL_CONVERSION = YES;
				CLANG_WARN_OBJC_ROOT_CLASS = YES_ERROR;
				CLANG_WARN_RANGE_LOOP_ANALYSIS = YES;
				CLANG_WARN_STRICT_PROTOTYPES = YES;
				CLANG_WARN_SUSPICIOUS_MOVE = YES;
				CLANG_WARN_UNGUARDED_AVAILABILITY = YES_AGGRESSIVE;
				CLANG_WARN_UNREACHABLE_CODE = YES;
				CLANG_WARN__DUPLICATE_METHOD_MATCH = YES;
				CODE_SIGN_IDENTITY = "-";
				COPY_PHASE_STRIP = NO;
				DEBUG_INFORMATION_FORMAT = "dwarf-with-dsym";
				ENABLE_NS_ASSERTIONS = NO;
				ENABLE_STRICT_OBJC_MSGSEND = YES;
				GCC_C_LANGUAGE_STANDARD = gnu11;
				GCC_NO_COMMON_BLOCKS = YES;
				GCC_WARN_64_TO_32_BIT_CONVERSION = YES;
				GCC_WARN_ABOUT_RETURN_TYPE = YES_ERROR;
				GCC_WARN_UNDECLARED_SELECTOR = YES;
				GCC_WARN_UNINITIALIZED_AUTOS = YES_AGGRESSIVE;
				GCC_WARN_UNUSED_FUNCTION = YES;
				GCC_WARN_UNUSED_VARIABLE = YES;
				MACOSX_DEPLOYMENT_TARGET = 10.13;
				MTL_ENABLE_DEBUG_INFO = NO;
				SDKROOT = macosx;
			};
			name = Release;
		};
		003E664820AC377E00C83A5C /* Debug */ = {
			isa = XCBuildConfiguration;
			buildSettings = {
				CODE_SIGN_STYLE = Automatic;
				PRODUCT_NAME = "$(TARGET_NAME)";
			};
			name = Debug;
		};
		003E664920AC377E00C83A5C /* Release */ = {
			isa = XCBuildConfiguration;
			buildSettings = {
				CODE_SIGN_STYLE = Automatic;
				PRODUCT_NAME = "$(TARGET_NAME)";
			};
			name = Release;
		};
/* End XCBuildConfiguration section */

/* Begin XCConfigurationList section */
		003E663B20AC377E00C83A5C /* Build configuration list for PBXProject "AESC" */ = {
			isa = XCConfigurationList;
			buildConfigurations = (
				003E664520AC377E00C83A5C /* Debug */,
				003E664620AC377E00C83A5C /* Release */,
			);
			defaultConfigurationIsVisible = 0;
			defaultConfigurationName = Release;
		};
		003E664720AC377E00C83A5C /* Build configuration list for PBXNativeTarget "AESC" */ = {
			isa = XCConfigurationList;
			buildConfigurations = (
				003E664820AC377E00C83A5C /* Debug */,
				003E664920AC377E00C83A5C /* Release */,
			);
			defaultConfigurationIsVisible = 0;
			defaultConfigurationName = Release;
		};
/* End XCConfigurationList section */
	};
	rootObject = 003E663820AC377E00C83A5C /* Project object */;
}
